
Microsoft Visual Studio Solution File, Format Version 12.00
# Visual Studio 2013
VisualStudioVersion = 12.0.40629.0
MinimumVisualStudioVersion = 10.0.40219.1
Project("{FAE04EC0-301F-11D3-BF4B-00C04F79EFBC}") = "TNPS3", "TNPS3\TNPS3.csproj", "{1B37D66E-7604-4A15-A6F1-98EEB98EA467}"
EndProject
Global
	GlobalSection(SolutionConfigurationPlatforms) = preSolution
		Debug|Any CPU = Debug|Any CPU
		Release|Any CPU = Release|Any CPU
	EndGlobalSection
	GlobalSection(ProjectConfigurationPlatforms) = postSolution
		{1B37D66E-7604-4A15-A6F1-98EEB98EA467}.Debug|Any CPU.ActiveCfg = Debug|Any CPU
		{1B37D66E-7604-4A15-A6F1-98EEB98EA467}.Debug|Any CPU.Build.0 = Debug|Any CPU
		{1B37D66E-7604-4A15-A6F1-98EEB98EA467}.Release|Any CPU.ActiveCfg = Release|Any CPU
		{1B37D66E-7604-4A15-A6F1-98EEB98EA467}.Release|Any CPU.Build.0 = Release|Any CPU
	EndGlobalSection
	GlobalSection(SolutionProperties) = preSolution
		HideSolutionNode = FALSE
	EndGlobalSection
EndGlobal
